
Microsoft Visual Studio Solution File, Format Version 12.00
# Visual Studio Version 17
VisualStudioVersion = 17.3.32825.248
MinimumVisualStudioVersion = 10.0.40219.1
Project("{888888A0-9F3D-457C-B088-3A5042F75D52}") = "PythonDoesSlimstampen", "PythonDoesSlimstampen\PythonDoesSlimstampen.pyproj", "{96B91E50-C410-48AE-9B10-AF95CFC7AC15}"
EndProject
Project("{2150E333-8FDC-42A3-9474-1A3956D46DE8}") = "Solution Items", "Solution Items", "{FF0E059F-F6B1-448A-AD89-66E79196FA29}"
	ProjectSection(SolutionItems) = preProject
		dic.txt = dic.txt
	EndProjectSection
EndProject
Global
	GlobalSection(SolutionConfigurationPlatforms) = preSolution
		Debug|Any CPU = Debug|Any CPU
		Release|Any CPU = Release|Any CPU
	EndGlobalSection
	GlobalSection(ProjectConfigurationPlatforms) = postSolution
		{96B91E50-C410-48AE-9B10-AF95CFC7AC15}.Debug|Any CPU.ActiveCfg = Debug|Any CPU
		{96B91E50-C410-48AE-9B10-AF95CFC7AC15}.Release|Any CPU.ActiveCfg = Release|Any CPU
	EndGlobalSection
	GlobalSection(SolutionProperties) = preSolution
		HideSolutionNode = FALSE
	EndGlobalSection
	GlobalSection(ExtensibilityGlobals) = postSolution
		SolutionGuid = {5447FA4E-A75F-48BE-A7C0-521C41712329}
	EndGlobalSection
EndGlobal
